# @generated - this file is auto-generated by `mise lock` https://mise.en.dev/dev-tools/mise-lock.html

[[tools.bats]]
version = "1.13.0"
backend = "aqua:bats-core/bats-core"

[tools.bats."platforms.linux-arm64"]
url = "https://github.com/bats-core/bats-core/archive/refs/tags/v1.13.0.tar.gz"

[tools.bats."platforms.linux-arm64-musl"]
url = "https://github.com/bats-core/bats-core/archive/refs/tags/v1.13.0.tar.gz"

[tools.bats."platforms.linux-x64"]
url = "https://github.com/bats-core/bats-core/archive/refs/tags/v1.13.0.tar.gz"

[tools.bats."platforms.linux-x64-baseline"]
url = "https://github.com/bats-core/bats-core/archive/refs/tags/v1.13.0.tar.gz"

[tools.bats."platforms.linux-x64-musl"]
url = "https://github.com/bats-core/bats-core/archive/refs/tags/v1.13.0.tar.gz"

[tools.bats."platforms.linux-x64-musl-baseline"]
url = "https://github.com/bats-core/bats-core/archive/refs/tags/v1.13.0.tar.gz"

[tools.bats."platforms.macos-arm64"]
url = "https://github.com/bats-core/bats-core/archive/refs/tags/v1.13.0.tar.gz"

[tools.bats."platforms.macos-x64"]
url = "https://github.com/bats-core/bats-core/archive/refs/tags/v1.13.0.tar.gz"

[tools.bats."platforms.macos-x64-baseline"]
url = "https://github.com/bats-core/bats-core/archive/refs/tags/v1.13.0.tar.gz"

[[tools.bun]]
version = "1.2.2"
backend = "core:bun"

[tools.bun."platforms.linux-arm64"]
checksum = "sha256:d1dbaa3e9af24549fad92bdbe4fb21fa53302cd048a8f004e85a240984c93d4d"
url = "https://github.com/oven-sh/bun/releases/download/bun-v1.2.2/bun-linux-aarch64.zip"

[tools.bun."platforms.linux-arm64-musl"]
checksum = "sha256:771cc9026c640bb8040201ebea70f02019056ed3cd3893207c02be517b048a12"
url = "https://github.com/oven-sh/bun/releases/download/bun-v1.2.2/bun-linux-aarch64-musl.zip"

[tools.bun."platforms.linux-x64"]
checksum = "sha256:3f4efb8afd1f84ac2a98c04661c898561d1d35527d030cb4571e99b7c85f5079"
url = "https://github.com/oven-sh/bun/releases/download/bun-v1.2.2/bun-linux-x64.zip"

[tools.bun."platforms.linux-x64-baseline"]
checksum = "sha256:cad7756a6ee16f3432a328f8023fc5cd431106822eacfa6d6d3afbad6fdc24db"
url = "https://github.com/oven-sh/bun/releases/download/bun-v1.2.2/bun-linux-x64-baseline.zip"

[tools.bun."platforms.linux-x64-musl"]
checksum = "sha256:ac57d2cdf441f77664e6ebfe85621f87d7714f29fed0656db0f59890c4914901"
url = "https://github.com/oven-sh/bun/releases/download/bun-v1.2.2/bun-linux-x64-musl.zip"

[tools.bun."platforms.linux-x64-musl-baseline"]
checksum = "sha256:fda64f91df72d9a21d5a0f23f574be0e9bae7610ca3cf5e7a41ba1e150826b12"
url = "https://github.com/oven-sh/bun/releases/download/bun-v1.2.2/bun-linux-x64-musl-baseline.zip"

[tools.bun."platforms.macos-arm64"]
checksum = "sha256:c4d58e06c5c33885b526f4d91a38ca9ebdb9fc3fb4cd547f7d3302055c98e41c"
url = "https://github.com/oven-sh/bun/releases/download/bun-v1.2.2/bun-darwin-aarch64.zip"

[tools.bun."platforms.macos-x64"]
checksum = "sha256:2f7d5a9cd90bc4f28449dc7b76a5e9eefade03e119f1cd4e3f941b92b26c6595"
url = "https://github.com/oven-sh/bun/releases/download/bun-v1.2.2/bun-darwin-x64.zip"

[tools.bun."platforms.macos-x64-baseline"]
checksum = "sha256:0f3b6e87d862d4016f8d95da177bc9136ca2e950f3d6d3d226a35d7061fff0f1"
url = "https://github.com/oven-sh/bun/releases/download/bun-v1.2.2/bun-darwin-x64-baseline.zip"

[tools.bun."platforms.windows-x64"]
checksum = "sha256:433b60a262f71dbe76e1c9aedb5141ad9035a5d76f436fc8f2d911c7ed1099a3"
url = "https://github.com/oven-sh/bun/releases/download/bun-v1.2.2/bun-windows-x64.zip"

[tools.bun."platforms.windows-x64-baseline"]
checksum = "sha256:6421bdd071a8eb2a66f05ce0ccea9665fef6b23de342f2eff243501ba609fe69"
url = "https://github.com/oven-sh/bun/releases/download/bun-v1.2.2/bun-windows-x64-baseline.zip"

[[tools.go]]
version = "1.26.0"
backend = "core:go"

[tools.go."platforms.linux-arm64"]
checksum = "sha256:bd03b743eb6eb4193ea3c3fd3956546bf0e3ca5b7076c8226334afe6b75704cd"
url = "https://dl.google.com/go/go1.26.0.linux-arm64.tar.gz"

[tools.go."platforms.linux-arm64-musl"]
checksum = "sha256:bd03b743eb6eb4193ea3c3fd3956546bf0e3ca5b7076c8226334afe6b75704cd"
url = "https://dl.google.com/go/go1.26.0.linux-arm64.tar.gz"

[tools.go."platforms.linux-x64"]
checksum = "sha256:aac1b08a0fb0c4e0a7c1555beb7b59180b05dfc5a3d62e40e9de90cd42f88235"
url = "https://dl.google.com/go/go1.26.0.linux-amd64.tar.gz"

[tools.go."platforms.linux-x64-baseline"]
checksum = "sha256:aac1b08a0fb0c4e0a7c1555beb7b59180b05dfc5a3d62e40e9de90cd42f88235"
url = "https://dl.google.com/go/go1.26.0.linux-amd64.tar.gz"

[tools.go."platforms.linux-x64-musl"]
checksum = "sha256:aac1b08a0fb0c4e0a7c1555beb7b59180b05dfc5a3d62e40e9de90cd42f88235"
url = "https://dl.google.com/go/go1.26.0.linux-amd64.tar.gz"

[tools.go."platforms.linux-x64-musl-baseline"]
checksum = "sha256:aac1b08a0fb0c4e0a7c1555beb7b59180b05dfc5a3d62e40e9de90cd42f88235"
url = "https://dl.google.com/go/go1.26.0.linux-amd64.tar.gz"

[tools.go."platforms.macos-arm64"]
checksum = "sha256:b1640525dfe68f066d56f200bef7bf4dce955a1a893bd061de6754c211431023"
url = "https://dl.google.com/go/go1.26.0.darwin-arm64.tar.gz"

[tools.go."platforms.macos-x64"]
checksum = "sha256:1ca28b7703cbea05a65b2a1d92d6b308610ef92f8824578a0874f2e60c9d5a22"
url = "https://dl.google.com/go/go1.26.0.darwin-amd64.tar.gz"

[tools.go."platforms.macos-x64-baseline"]
checksum = "sha256:1ca28b7703cbea05a65b2a1d92d6b308610ef92f8824578a0874f2e60c9d5a22"
url = "https://dl.google.com/go/go1.26.0.darwin-amd64.tar.gz"

[tools.go."platforms.windows-x64"]
checksum = "sha256:9bbe0fc64236b2b51f6255c05c4232532b8ecc0e6d2e00950bd3021d8a4d07d4"
url = "https://dl.google.com/go/go1.26.0.windows-amd64.zip"

[tools.go."platforms.windows-x64-baseline"]
checksum = "sha256:9bbe0fc64236b2b51f6255c05c4232532b8ecc0e6d2e00950bd3021d8a4d07d4"
url = "https://dl.google.com/go/go1.26.0.windows-amd64.zip"

[[tools.go-junit-report]]
version = "2.1.0"
backend = "aqua:jstemmer/go-junit-report"

[tools.go-junit-report."platforms.linux-x64"]
url = "https://github.com/jstemmer/go-junit-report/releases/download/v2.1.0/go-junit-report-v2.1.0-linux-amd64.tar.gz"

[tools.go-junit-report."platforms.linux-x64-baseline"]
url = "https://github.com/jstemmer/go-junit-report/releases/download/v2.1.0/go-junit-report-v2.1.0-linux-amd64.tar.gz"

[tools.go-junit-report."platforms.linux-x64-musl"]
url = "https://github.com/jstemmer/go-junit-report/releases/download/v2.1.0/go-junit-report-v2.1.0-linux-amd64.tar.gz"

[tools.go-junit-report."platforms.linux-x64-musl-baseline"]
url = "https://github.com/jstemmer/go-junit-report/releases/download/v2.1.0/go-junit-report-v2.1.0-linux-amd64.tar.gz"

[tools.go-junit-report."platforms.macos-arm64"]
checksum = "blake3:33ef2867b00d5e2ffbdde455ba9c0472deba8cc6a8d11ff58fc657148cd5f47d"
url = "https://github.com/jstemmer/go-junit-report/releases/download/v2.1.0/go-junit-report-v2.1.0-darwin-arm64.tar.gz"

[tools.go-junit-report."platforms.macos-x64"]
url = "https://github.com/jstemmer/go-junit-report/releases/download/v2.1.0/go-junit-report-v2.1.0-darwin-amd64.tar.gz"

[tools.go-junit-report."platforms.macos-x64-baseline"]
url = "https://github.com/jstemmer/go-junit-report/releases/download/v2.1.0/go-junit-report-v2.1.0-darwin-amd64.tar.gz"

[tools.go-junit-report."platforms.windows-x64"]
url = "https://github.com/jstemmer/go-junit-report/releases/download/v2.1.0/go-junit-report-v2.1.0-windows-amd64.zip"

[tools.go-junit-report."platforms.windows-x64-baseline"]
url = "https://github.com/jstemmer/go-junit-report/releases/download/v2.1.0/go-junit-report-v2.1.0-windows-amd64.zip"

[[tools."go:github.com/goph/licensei/cmd/licensei"]]
version = "0.9.0"
backend = "go:github.com/goph/licensei/cmd/licensei"

[[tools."go:go.uber.org/mock/mockgen"]]
version = "0.6.0"
backend = "go:go.uber.org/mock/mockgen"

[[tools."go:golang.org/x/tools/cmd/goimports"]]
version = "0.38.0"
backend = "go:golang.org/x/tools/cmd/goimports"

[[tools."go:golang.org/x/tools/gopls"]]
version = "0.20.0"
backend = "go:golang.org/x/tools/gopls"

[[tools.golangci-lint]]
version = "2.11.4"
backend = "aqua:golangci/golangci-lint"

[tools.golangci-lint."platforms.linux-arm64"]
checksum = "sha256:3bcfa2e6f3d32b2bf5cd75eaa876447507025e0303698633f722a05331988db4"
url = "https://github.com/golangci/golangci-lint/releases/download/v2.11.4/golangci-lint-2.11.4-linux-arm64.tar.gz"
provenance = "github-attestations"

[tools.golangci-lint."platforms.linux-arm64-musl"]
checksum = "sha256:3bcfa2e6f3d32b2bf5cd75eaa876447507025e0303698633f722a05331988db4"
url = "https://github.com/golangci/golangci-lint/releases/download/v2.11.4/golangci-lint-2.11.4-linux-arm64.tar.gz"
provenance = "github-attestations"

[tools.golangci-lint."platforms.linux-x64"]
checksum = "sha256:200c5b7503f67b59a6743ccf32133026c174e272b930ee79aa2aa6f37aca7ef1"
url = "https://github.com/golangci/golangci-lint/releases/download/v2.11.4/golangci-lint-2.11.4-linux-amd64.tar.gz"
provenance = "github-attestations"

[tools.golangci-lint."platforms.linux-x64-baseline"]
checksum = "sha256:200c5b7503f67b59a6743ccf32133026c174e272b930ee79aa2aa6f37aca7ef1"
url = "https://github.com/golangci/golangci-lint/releases/download/v2.11.4/golangci-lint-2.11.4-linux-amd64.tar.gz"
provenance = "github-attestations"

[tools.golangci-lint."platforms.linux-x64-musl"]
checksum = "sha256:200c5b7503f67b59a6743ccf32133026c174e272b930ee79aa2aa6f37aca7ef1"
url = "https://github.com/golangci/golangci-lint/releases/download/v2.11.4/golangci-lint-2.11.4-linux-amd64.tar.gz"
provenance = "github-attestations"

[tools.golangci-lint."platforms.linux-x64-musl-baseline"]
checksum = "sha256:200c5b7503f67b59a6743ccf32133026c174e272b930ee79aa2aa6f37aca7ef1"
url = "https://github.com/golangci/golangci-lint/releases/download/v2.11.4/golangci-lint-2.11.4-linux-amd64.tar.gz"
provenance = "github-attestations"

[tools.golangci-lint."platforms.macos-arm64"]
checksum = "sha256:02db2a2dae8b26812e53b0688a6f617e3ef1f489790e829ea22862cf76945675"
url = "https://github.com/golangci/golangci-lint/releases/download/v2.11.4/golangci-lint-2.11.4-darwin-arm64.tar.gz"
provenance = "github-attestations"

[tools.golangci-lint."platforms.macos-x64"]
checksum = "sha256:c900d4048db75d1edfd550fd11cf6a9b3008e7caa8e119fcddbc700412d63e60"
url = "https://github.com/golangci/golangci-lint/releases/download/v2.11.4/golangci-lint-2.11.4-darwin-amd64.tar.gz"
provenance = "github-attestations"

[tools.golangci-lint."platforms.macos-x64-baseline"]
checksum = "sha256:c900d4048db75d1edfd550fd11cf6a9b3008e7caa8e119fcddbc700412d63e60"
url = "https://github.com/golangci/golangci-lint/releases/download/v2.11.4/golangci-lint-2.11.4-darwin-amd64.tar.gz"
provenance = "github-attestations"

[tools.golangci-lint."platforms.windows-x64"]
checksum = "sha256:4932cfca5e75bf60fe1c576edf459e5e809e6644664a068185d64b84af3fad9e"
url = "https://github.com/golangci/golangci-lint/releases/download/v2.11.4/golangci-lint-2.11.4-windows-amd64.zip"
provenance = "github-attestations"

[tools.golangci-lint."platforms.windows-x64-baseline"]
checksum = "sha256:4932cfca5e75bf60fe1c576edf459e5e809e6644664a068185d64b84af3fad9e"
url = "https://github.com/golangci/golangci-lint/releases/download/v2.11.4/golangci-lint-2.11.4-windows-amd64.zip"
provenance = "github-attestations"

[[tools.jq]]
version = "1.8.1"
backend = "aqua:jqlang/jq"

[tools.jq."platforms.linux-arm64"]
checksum = "sha256:6bc62f25981328edd3cfcfe6fe51b073f2d7e7710d7ef7fcdac28d4e384fc3d4"
url = "https://github.com/jqlang/jq/releases/download/jq-1.8.1/jq-linux-arm64"
provenance = "github-attestations"

[tools.jq."platforms.linux-arm64-musl"]
checksum = "sha256:6bc62f25981328edd3cfcfe6fe51b073f2d7e7710d7ef7fcdac28d4e384fc3d4"
url = "https://github.com/jqlang/jq/releases/download/jq-1.8.1/jq-linux-arm64"
provenance = "github-attestations"

[tools.jq."platforms.linux-x64"]
checksum = "sha256:020468de7539ce70ef1bceaf7cde2e8c4f2ca6c3afb84642aabc5c97d9fc2a0d"
url = "https://github.com/jqlang/jq/releases/download/jq-1.8.1/jq-linux-amd64"
provenance = "github-attestations"

[tools.jq."platforms.linux-x64-baseline"]
checksum = "sha256:020468de7539ce70ef1bceaf7cde2e8c4f2ca6c3afb84642aabc5c97d9fc2a0d"
url = "https://github.com/jqlang/jq/releases/download/jq-1.8.1/jq-linux-amd64"
provenance = "github-attestations"

[tools.jq."platforms.linux-x64-musl"]
checksum = "sha256:020468de7539ce70ef1bceaf7cde2e8c4f2ca6c3afb84642aabc5c97d9fc2a0d"
url = "https://github.com/jqlang/jq/releases/download/jq-1.8.1/jq-linux-amd64"
provenance = "github-attestations"

[tools.jq."platforms.linux-x64-musl-baseline"]
checksum = "sha256:020468de7539ce70ef1bceaf7cde2e8c4f2ca6c3afb84642aabc5c97d9fc2a0d"
url = "https://github.com/jqlang/jq/releases/download/jq-1.8.1/jq-linux-amd64"
provenance = "github-attestations"

[tools.jq."platforms.macos-arm64"]
checksum = "sha256:a9fe3ea2f86dfc72f6728417521ec9067b343277152b114f4e98d8cb0e263603"
url = "https://github.com/jqlang/jq/releases/download/jq-1.8.1/jq-macos-arm64"
provenance = "github-attestations"

[tools.jq."platforms.macos-x64"]
checksum = "sha256:e80dbe0d2a2597e3c11c404f03337b981d74b4a8504b70586c354b7697a7c27f"
url = "https://github.com/jqlang/jq/releases/download/jq-1.8.1/jq-macos-amd64"
provenance = "github-attestations"

[tools.jq."platforms.macos-x64-baseline"]
checksum = "sha256:e80dbe0d2a2597e3c11c404f03337b981d74b4a8504b70586c354b7697a7c27f"
url = "https://github.com/jqlang/jq/releases/download/jq-1.8.1/jq-macos-amd64"
provenance = "github-attestations"

[tools.jq."platforms.windows-x64"]
checksum = "sha256:23cb60a1354eed6bcc8d9b9735e8c7b388cd1fdcb75726b93bc299ef22dd9334"
url = "https://github.com/jqlang/jq/releases/download/jq-1.8.1/jq-windows-amd64.exe"
provenance = "github-attestations"

[tools.jq."platforms.windows-x64-baseline"]
checksum = "sha256:23cb60a1354eed6bcc8d9b9735e8c7b388cd1fdcb75726b93bc299ef22dd9334"
url = "https://github.com/jqlang/jq/releases/download/jq-1.8.1/jq-windows-amd64.exe"
provenance = "github-attestations"

[[tools.opentofu]]
version = "1.12.2"
backend = "aqua:opentofu/opentofu"

[tools.opentofu."platforms.linux-arm64"]
checksum = "sha256:13d0e7a83f0fcffc2a61fa879aa63c5cf7f294f6c1c5a32abf5865bc2033d1c2"
url = "https://github.com/opentofu/opentofu/releases/download/v1.12.2/tofu_1.12.2_linux_arm64.tar.gz"

[tools.opentofu."platforms.linux-arm64-musl"]
checksum = "sha256:13d0e7a83f0fcffc2a61fa879aa63c5cf7f294f6c1c5a32abf5865bc2033d1c2"
url = "https://github.com/opentofu/opentofu/releases/download/v1.12.2/tofu_1.12.2_linux_arm64.tar.gz"

[tools.opentofu."platforms.linux-x64"]
checksum = "sha256:2ba8d1aeca94f68aab131628744cd417154462fa5a5b1633b5e04d7618c6ee52"
url = "https://github.com/opentofu/opentofu/releases/download/v1.12.2/tofu_1.12.2_linux_amd64.tar.gz"

[tools.opentofu."platforms.linux-x64-baseline"]
checksum = "sha256:2ba8d1aeca94f68aab131628744cd417154462fa5a5b1633b5e04d7618c6ee52"
url = "https://github.com/opentofu/opentofu/releases/download/v1.12.2/tofu_1.12.2_linux_amd64.tar.gz"

[tools.opentofu."platforms.linux-x64-musl"]
checksum = "sha256:2ba8d1aeca94f68aab131628744cd417154462fa5a5b1633b5e04d7618c6ee52"
url = "https://github.com/opentofu/opentofu/releases/download/v1.12.2/tofu_1.12.2_linux_amd64.tar.gz"

[tools.opentofu."platforms.linux-x64-musl-baseline"]
checksum = "sha256:2ba8d1aeca94f68aab131628744cd417154462fa5a5b1633b5e04d7618c6ee52"
url = "https://github.com/opentofu/opentofu/releases/download/v1.12.2/tofu_1.12.2_linux_amd64.tar.gz"

[tools.opentofu."platforms.macos-arm64"]
checksum = "sha256:10def6ebcc58ea438970a1c896e4b7fb32cd2d8d9d9ef260c8037a71671137e5"
url = "https://github.com/opentofu/opentofu/releases/download/v1.12.2/tofu_1.12.2_darwin_arm64.tar.gz"

[tools.opentofu."platforms.macos-x64"]
checksum = "sha256:0d455eec551d58190ad622768f3ac262e7449283380cefe3e7d867323e5c058a"
url = "https://github.com/opentofu/opentofu/releases/download/v1.12.2/tofu_1.12.2_darwin_amd64.tar.gz"

[tools.opentofu."platforms.macos-x64-baseline"]
checksum = "sha256:0d455eec551d58190ad622768f3ac262e7449283380cefe3e7d867323e5c058a"
url = "https://github.com/opentofu/opentofu/releases/download/v1.12.2/tofu_1.12.2_darwin_amd64.tar.gz"

[tools.opentofu."platforms.windows-x64"]
checksum = "sha256:3498d3a5180e50e4a9d364520295a33c862fae96258abbe5f38fc536ce55bcc5"
url = "https://github.com/opentofu/opentofu/releases/download/v1.12.2/tofu_1.12.2_windows_amd64.tar.gz"

[tools.opentofu."platforms.windows-x64-baseline"]
checksum = "sha256:3498d3a5180e50e4a9d364520295a33c862fae96258abbe5f38fc536ce55bcc5"
url = "https://github.com/opentofu/opentofu/releases/download/v1.12.2/tofu_1.12.2_windows_amd64.tar.gz"

[[tools.pipx]]
version = "1.8.0"
backend = "aqua:pypa/pipx"

[tools.pipx."platforms.linux-arm64"]
checksum = "sha256:b9eabd835dffe0677e36bd99416fc9837c592bd8c079235379bed3dfe043c601"
url = "https://github.com/pypa/pipx/releases/download/1.8.0/pipx.pyz"

[tools.pipx."platforms.linux-arm64-musl"]
checksum = "sha256:b9eabd835dffe0677e36bd99416fc9837c592bd8c079235379bed3dfe043c601"
url = "https://github.com/pypa/pipx/releases/download/1.8.0/pipx.pyz"

[tools.pipx."platforms.linux-x64"]
checksum = "sha256:b9eabd835dffe0677e36bd99416fc9837c592bd8c079235379bed3dfe043c601"
url = "https://github.com/pypa/pipx/releases/download/1.8.0/pipx.pyz"

[tools.pipx."platforms.linux-x64-baseline"]
checksum = "sha256:b9eabd835dffe0677e36bd99416fc9837c592bd8c079235379bed3dfe043c601"
url = "https://github.com/pypa/pipx/releases/download/1.8.0/pipx.pyz"

[tools.pipx."platforms.linux-x64-musl"]
checksum = "sha256:b9eabd835dffe0677e36bd99416fc9837c592bd8c079235379bed3dfe043c601"
url = "https://github.com/pypa/pipx/releases/download/1.8.0/pipx.pyz"

[tools.pipx."platforms.linux-x64-musl-baseline"]
checksum = "sha256:b9eabd835dffe0677e36bd99416fc9837c592bd8c079235379bed3dfe043c601"
url = "https://github.com/pypa/pipx/releases/download/1.8.0/pipx.pyz"

[tools.pipx."platforms.macos-arm64"]
checksum = "sha256:b9eabd835dffe0677e36bd99416fc9837c592bd8c079235379bed3dfe043c601"
url = "https://github.com/pypa/pipx/releases/download/1.8.0/pipx.pyz"

[tools.pipx."platforms.macos-x64"]
checksum = "sha256:b9eabd835dffe0677e36bd99416fc9837c592bd8c079235379bed3dfe043c601"
url = "https://github.com/pypa/pipx/releases/download/1.8.0/pipx.pyz"

[tools.pipx."platforms.macos-x64-baseline"]
checksum = "sha256:b9eabd835dffe0677e36bd99416fc9837c592bd8c079235379bed3dfe043c601"
url = "https://github.com/pypa/pipx/releases/download/1.8.0/pipx.pyz"

[[tools."pipx:codespell"]]
version = "2.4.1"
backend = "pipx:codespell"

[[tools.pre-commit]]
version = "4.2.0"
backend = "aqua:pre-commit/pre-commit"

[tools.pre-commit."platforms.linux-arm64"]
checksum = "sha256:0d4d80fd598dd1f7c268569de49e7c7a692a3de6f7a97cf14ad4e6cce993bbdf"
url = "https://github.com/pre-commit/pre-commit/releases/download/v4.2.0/pre-commit-4.2.0.pyz"

[tools.pre-commit."platforms.linux-arm64-musl"]
checksum = "sha256:0d4d80fd598dd1f7c268569de49e7c7a692a3de6f7a97cf14ad4e6cce993bbdf"
url = "https://github.com/pre-commit/pre-commit/releases/download/v4.2.0/pre-commit-4.2.0.pyz"

[tools.pre-commit."platforms.linux-x64"]
checksum = "sha256:0d4d80fd598dd1f7c268569de49e7c7a692a3de6f7a97cf14ad4e6cce993bbdf"
url = "https://github.com/pre-commit/pre-commit/releases/download/v4.2.0/pre-commit-4.2.0.pyz"

[tools.pre-commit."platforms.linux-x64-baseline"]
checksum = "sha256:0d4d80fd598dd1f7c268569de49e7c7a692a3de6f7a97cf14ad4e6cce993bbdf"
url = "https://github.com/pre-commit/pre-commit/releases/download/v4.2.0/pre-commit-4.2.0.pyz"

[tools.pre-commit."platforms.linux-x64-musl"]
checksum = "sha256:0d4d80fd598dd1f7c268569de49e7c7a692a3de6f7a97cf14ad4e6cce993bbdf"
url = "https://github.com/pre-commit/pre-commit/releases/download/v4.2.0/pre-commit-4.2.0.pyz"

[tools.pre-commit."platforms.linux-x64-musl-baseline"]
checksum = "sha256:0d4d80fd598dd1f7c268569de49e7c7a692a3de6f7a97cf14ad4e6cce993bbdf"
url = "https://github.com/pre-commit/pre-commit/releases/download/v4.2.0/pre-commit-4.2.0.pyz"

[tools.pre-commit."platforms.macos-arm64"]
checksum = "sha256:0d4d80fd598dd1f7c268569de49e7c7a692a3de6f7a97cf14ad4e6cce993bbdf"
url = "https://github.com/pre-commit/pre-commit/releases/download/v4.2.0/pre-commit-4.2.0.pyz"

[tools.pre-commit."platforms.macos-x64"]
checksum = "sha256:0d4d80fd598dd1f7c268569de49e7c7a692a3de6f7a97cf14ad4e6cce993bbdf"
url = "https://github.com/pre-commit/pre-commit/releases/download/v4.2.0/pre-commit-4.2.0.pyz"

[tools.pre-commit."platforms.macos-x64-baseline"]
checksum = "sha256:0d4d80fd598dd1f7c268569de49e7c7a692a3de6f7a97cf14ad4e6cce993bbdf"
url = "https://github.com/pre-commit/pre-commit/releases/download/v4.2.0/pre-commit-4.2.0.pyz"

[[tools.shellcheck]]
version = "0.11.0"
backend = "aqua:koalaman/shellcheck"

[tools.shellcheck."platforms.linux-arm64"]
checksum = "sha256:12b331c1d2db6b9eb13cfca64306b1b157a86eb69db83023e261eaa7e7c14588"
url = "https://github.com/koalaman/shellcheck/releases/download/v0.11.0/shellcheck-v0.11.0.linux.aarch64.tar.xz"

[tools.shellcheck."platforms.linux-arm64-musl"]
checksum = "sha256:12b331c1d2db6b9eb13cfca64306b1b157a86eb69db83023e261eaa7e7c14588"
url = "https://github.com/koalaman/shellcheck/releases/download/v0.11.0/shellcheck-v0.11.0.linux.aarch64.tar.xz"

[tools.shellcheck."platforms.linux-x64"]
checksum = "sha256:8c3be12b05d5c177a04c29e3c78ce89ac86f1595681cab149b65b97c4e227198"
url = "https://github.com/koalaman/shellcheck/releases/download/v0.11.0/shellcheck-v0.11.0.linux.x86_64.tar.xz"

[tools.shellcheck."platforms.linux-x64-baseline"]
checksum = "sha256:8c3be12b05d5c177a04c29e3c78ce89ac86f1595681cab149b65b97c4e227198"
url = "https://github.com/koalaman/shellcheck/releases/download/v0.11.0/shellcheck-v0.11.0.linux.x86_64.tar.xz"

[tools.shellcheck."platforms.linux-x64-musl"]
checksum = "sha256:8c3be12b05d5c177a04c29e3c78ce89ac86f1595681cab149b65b97c4e227198"
url = "https://github.com/koalaman/shellcheck/releases/download/v0.11.0/shellcheck-v0.11.0.linux.x86_64.tar.xz"

[tools.shellcheck."platforms.linux-x64-musl-baseline"]
checksum = "sha256:8c3be12b05d5c177a04c29e3c78ce89ac86f1595681cab149b65b97c4e227198"
url = "https://github.com/koalaman/shellcheck/releases/download/v0.11.0/shellcheck-v0.11.0.linux.x86_64.tar.xz"

[tools.shellcheck."platforms.macos-arm64"]
checksum = "sha256:56affdd8de5527894dca6dc3d7e0a99a873b0f004d7aabc30ae407d3f48b0a79"
url = "https://github.com/koalaman/shellcheck/releases/download/v0.11.0/shellcheck-v0.11.0.darwin.aarch64.tar.xz"

[tools.shellcheck."platforms.macos-x64"]
checksum = "sha256:3c89db4edcab7cf1c27bff178882e0f6f27f7afdf54e859fa041fca10febe4c6"
url = "https://github.com/koalaman/shellcheck/releases/download/v0.11.0/shellcheck-v0.11.0.darwin.x86_64.tar.xz"

[tools.shellcheck."platforms.macos-x64-baseline"]
checksum = "sha256:3c89db4edcab7cf1c27bff178882e0f6f27f7afdf54e859fa041fca10febe4c6"
url = "https://github.com/koalaman/shellcheck/releases/download/v0.11.0/shellcheck-v0.11.0.darwin.x86_64.tar.xz"

[tools.shellcheck."platforms.windows-x64"]
checksum = "sha256:8a4e35ab0b331c85d73567b12f2a444df187f483e5079ceffa6bda1faa2e740e"
url = "https://github.com/koalaman/shellcheck/releases/download/v0.11.0/shellcheck-v0.11.0.zip"

[tools.shellcheck."platforms.windows-x64-baseline"]
checksum = "sha256:8a4e35ab0b331c85d73567b12f2a444df187f483e5079ceffa6bda1faa2e740e"
url = "https://github.com/koalaman/shellcheck/releases/download/v0.11.0/shellcheck-v0.11.0.zip"

[[tools.shfmt]]
version = "3.13.1"
backend = "aqua:mvdan/sh"

[tools.shfmt."platforms.linux-arm64"]
checksum = "sha256:32d92acaa5cd8abb29fc49dac123dc412442d5713967819d8af2c29f1b3857c7"
url = "https://github.com/mvdan/sh/releases/download/v3.13.1/shfmt_v3.13.1_linux_arm64"

[tools.shfmt."platforms.linux-arm64-musl"]
checksum = "sha256:32d92acaa5cd8abb29fc49dac123dc412442d5713967819d8af2c29f1b3857c7"
url = "https://github.com/mvdan/sh/releases/download/v3.13.1/shfmt_v3.13.1_linux_arm64"

[tools.shfmt."platforms.linux-x64"]
checksum = "sha256:fb096c5d1ac6beabbdbaa2874d025badb03ee07929f0c9ff67563ce8c75398b1"
url = "https://github.com/mvdan/sh/releases/download/v3.13.1/shfmt_v3.13.1_linux_amd64"

[tools.shfmt."platforms.linux-x64-baseline"]
checksum = "sha256:fb096c5d1ac6beabbdbaa2874d025badb03ee07929f0c9ff67563ce8c75398b1"
url = "https://github.com/mvdan/sh/releases/download/v3.13.1/shfmt_v3.13.1_linux_amd64"

[tools.shfmt."platforms.linux-x64-musl"]
checksum = "sha256:fb096c5d1ac6beabbdbaa2874d025badb03ee07929f0c9ff67563ce8c75398b1"
url = "https://github.com/mvdan/sh/releases/download/v3.13.1/shfmt_v3.13.1_linux_amd64"

[tools.shfmt."platforms.linux-x64-musl-baseline"]
checksum = "sha256:fb096c5d1ac6beabbdbaa2874d025badb03ee07929f0c9ff67563ce8c75398b1"
url = "https://github.com/mvdan/sh/releases/download/v3.13.1/shfmt_v3.13.1_linux_amd64"

[tools.shfmt."platforms.macos-arm64"]
checksum = "sha256:9680526be4a66ea1ffe988ed08af58e1400fe1e4f4aef5bd88b20bb9b3da33f8"
url = "https://github.com/mvdan/sh/releases/download/v3.13.1/shfmt_v3.13.1_darwin_arm64"

[tools.shfmt."platforms.macos-x64"]
checksum = "sha256:6feedafc72915794163114f512348e2437d080d0047ef8b8fa2ec63b575f12af"
url = "https://github.com/mvdan/sh/releases/download/v3.13.1/shfmt_v3.13.1_darwin_amd64"

[tools.shfmt."platforms.macos-x64-baseline"]
checksum = "sha256:6feedafc72915794163114f512348e2437d080d0047ef8b8fa2ec63b575f12af"
url = "https://github.com/mvdan/sh/releases/download/v3.13.1/shfmt_v3.13.1_darwin_amd64"

[tools.shfmt."platforms.windows-x64"]
checksum = "sha256:60cd368533d0ad73fa86d93d5bbf95ef40587245ce684ed138c1b31557b5fe97"
url = "https://github.com/mvdan/sh/releases/download/v3.13.1/shfmt_v3.13.1_windows_amd64.exe"

[tools.shfmt."platforms.windows-x64-baseline"]
checksum = "sha256:60cd368533d0ad73fa86d93d5bbf95ef40587245ce684ed138c1b31557b5fe97"
url = "https://github.com/mvdan/sh/releases/download/v3.13.1/shfmt_v3.13.1_windows_amd64.exe"
