# @generated - this file is auto-generated by `mise lock` https://mise.en.dev/dev-tools/mise-lock.html

[[tools.awscli]]
version = "2.28.15"
backend = "aqua:aws/aws-cli"

[tools.awscli."platforms.linux-arm64"]
url = "https://awscli.amazonaws.com/awscli-exe-linux-aarch64-2.28.15.zip"

[tools.awscli."platforms.linux-arm64-musl"]
url = "https://awscli.amazonaws.com/awscli-exe-linux-aarch64-2.28.15.zip"

[tools.awscli."platforms.linux-x64"]
url = "https://awscli.amazonaws.com/awscli-exe-linux-x86_64-2.28.15.zip"

[tools.awscli."platforms.linux-x64-musl"]
url = "https://awscli.amazonaws.com/awscli-exe-linux-x86_64-2.28.15.zip"

[tools.awscli."platforms.macos-arm64"]
url = "https://awscli.amazonaws.com/AWSCLIV2-2.28.15.pkg"

[tools.awscli."platforms.macos-x64"]
url = "https://awscli.amazonaws.com/AWSCLIV2-2.28.15.pkg"

[[tools.gcloud]]
version = "535.0.0"
backend = "asdf:gcloud"

[[tools.go-junit-report]]
version = "2.1.0"
backend = "aqua:jstemmer/go-junit-report"

[tools.go-junit-report."platforms.linux-x64"]
url = "https://github.com/jstemmer/go-junit-report/releases/download/v2.1.0/go-junit-report-v2.1.0-linux-amd64.tar.gz"

[tools.go-junit-report."platforms.linux-x64-musl"]
url = "https://github.com/jstemmer/go-junit-report/releases/download/v2.1.0/go-junit-report-v2.1.0-linux-amd64.tar.gz"

[tools.go-junit-report."platforms.macos-arm64"]
url = "https://github.com/jstemmer/go-junit-report/releases/download/v2.1.0/go-junit-report-v2.1.0-darwin-arm64.tar.gz"

[tools.go-junit-report."platforms.macos-x64"]
url = "https://github.com/jstemmer/go-junit-report/releases/download/v2.1.0/go-junit-report-v2.1.0-darwin-amd64.tar.gz"

[tools.go-junit-report."platforms.windows-x64"]
url = "https://github.com/jstemmer/go-junit-report/releases/download/v2.1.0/go-junit-report-v2.1.0-windows-amd64.zip"

[[tools."go:golang.org/x/tools/cmd/goimports"]]
version = "0.38.0"
backend = "go:golang.org/x/tools/cmd/goimports"

[[tools."go:golang.org/x/tools/gopls"]]
version = "0.20.0"
backend = "go:golang.org/x/tools/gopls"

[[tools.pipx]]
version = "1.8.0"
backend = "aqua:pypa/pipx"

[tools.pipx."platforms.linux-arm64"]
checksum = "sha256:b9eabd835dffe0677e36bd99416fc9837c592bd8c079235379bed3dfe043c601"
url = "https://github.com/pypa/pipx/releases/download/1.8.0/pipx.pyz"

[tools.pipx."platforms.linux-arm64-musl"]
checksum = "sha256:b9eabd835dffe0677e36bd99416fc9837c592bd8c079235379bed3dfe043c601"
url = "https://github.com/pypa/pipx/releases/download/1.8.0/pipx.pyz"

[tools.pipx."platforms.linux-x64"]
checksum = "sha256:b9eabd835dffe0677e36bd99416fc9837c592bd8c079235379bed3dfe043c601"
url = "https://github.com/pypa/pipx/releases/download/1.8.0/pipx.pyz"

[tools.pipx."platforms.linux-x64-musl"]
checksum = "sha256:b9eabd835dffe0677e36bd99416fc9837c592bd8c079235379bed3dfe043c601"
url = "https://github.com/pypa/pipx/releases/download/1.8.0/pipx.pyz"

[tools.pipx."platforms.macos-arm64"]
checksum = "sha256:b9eabd835dffe0677e36bd99416fc9837c592bd8c079235379bed3dfe043c601"
url = "https://github.com/pypa/pipx/releases/download/1.8.0/pipx.pyz"

[tools.pipx."platforms.macos-x64"]
checksum = "sha256:b9eabd835dffe0677e36bd99416fc9837c592bd8c079235379bed3dfe043c601"
url = "https://github.com/pypa/pipx/releases/download/1.8.0/pipx.pyz"

[[tools."pipx:codespell"]]
version = "2.4.1"
backend = "pipx:codespell"

[[tools.pre-commit]]
version = "4.2.0"
backend = "aqua:pre-commit/pre-commit"

[tools.pre-commit."platforms.linux-arm64"]
checksum = "sha256:0d4d80fd598dd1f7c268569de49e7c7a692a3de6f7a97cf14ad4e6cce993bbdf"
url = "https://github.com/pre-commit/pre-commit/releases/download/v4.2.0/pre-commit-4.2.0.pyz"

[tools.pre-commit."platforms.linux-arm64-musl"]
checksum = "sha256:0d4d80fd598dd1f7c268569de49e7c7a692a3de6f7a97cf14ad4e6cce993bbdf"
url = "https://github.com/pre-commit/pre-commit/releases/download/v4.2.0/pre-commit-4.2.0.pyz"

[tools.pre-commit."platforms.linux-x64"]
checksum = "sha256:0d4d80fd598dd1f7c268569de49e7c7a692a3de6f7a97cf14ad4e6cce993bbdf"
url = "https://github.com/pre-commit/pre-commit/releases/download/v4.2.0/pre-commit-4.2.0.pyz"

[tools.pre-commit."platforms.linux-x64-musl"]
checksum = "sha256:0d4d80fd598dd1f7c268569de49e7c7a692a3de6f7a97cf14ad4e6cce993bbdf"
url = "https://github.com/pre-commit/pre-commit/releases/download/v4.2.0/pre-commit-4.2.0.pyz"

[tools.pre-commit."platforms.macos-arm64"]
checksum = "sha256:0d4d80fd598dd1f7c268569de49e7c7a692a3de6f7a97cf14ad4e6cce993bbdf"
url = "https://github.com/pre-commit/pre-commit/releases/download/v4.2.0/pre-commit-4.2.0.pyz"

[tools.pre-commit."platforms.macos-x64"]
checksum = "sha256:0d4d80fd598dd1f7c268569de49e7c7a692a3de6f7a97cf14ad4e6cce993bbdf"
url = "https://github.com/pre-commit/pre-commit/releases/download/v4.2.0/pre-commit-4.2.0.pyz"

[[tools.terraform]]
version = "1.14.4"
backend = "aqua:hashicorp/terraform"

[tools.terraform."platforms.linux-arm64"]
checksum = "sha256:dcbc9d4b9fcd47e76ae194d5d569bfbf9f15bf1c59ca692aff6d2a92eb8e8994"
url = "https://releases.hashicorp.com/terraform/1.14.4/terraform_1.14.4_linux_arm64.zip"

[tools.terraform."platforms.linux-arm64-musl"]
checksum = "sha256:dcbc9d4b9fcd47e76ae194d5d569bfbf9f15bf1c59ca692aff6d2a92eb8e8994"
url = "https://releases.hashicorp.com/terraform/1.14.4/terraform_1.14.4_linux_arm64.zip"

[tools.terraform."platforms.linux-x64"]
checksum = "sha256:4a24b18865d9419ba7882567cb7429dd1525b3e2029a9e38f612d476ba8c3dea"
url = "https://releases.hashicorp.com/terraform/1.14.4/terraform_1.14.4_linux_amd64.zip"

[tools.terraform."platforms.linux-x64-musl"]
checksum = "sha256:4a24b18865d9419ba7882567cb7429dd1525b3e2029a9e38f612d476ba8c3dea"
url = "https://releases.hashicorp.com/terraform/1.14.4/terraform_1.14.4_linux_amd64.zip"

[tools.terraform."platforms.macos-arm64"]
checksum = "sha256:dc4ee56edfde4fb6d578783292b5fa126d624803aa9326d03da5466ef59d4dbd"
url = "https://releases.hashicorp.com/terraform/1.14.4/terraform_1.14.4_darwin_arm64.zip"

[tools.terraform."platforms.macos-x64"]
checksum = "sha256:367dfc3fd689db10817f96cede1f737c88300f34e5a783c90cb9874973031832"
url = "https://releases.hashicorp.com/terraform/1.14.4/terraform_1.14.4_darwin_amd64.zip"

[tools.terraform."platforms.windows-x64"]
checksum = "sha256:0d20cbf5de662677ecf671d28f4aef95c21ec966a89fd98539b24e457710759f"
url = "https://releases.hashicorp.com/terraform/1.14.4/terraform_1.14.4_windows_amd64.zip"

[[tools.tflint]]
version = "0.50.3"
backend = "aqua:terraform-linters/tflint"

[tools.tflint."platforms.linux-arm64"]
checksum = "sha256:46b04f8f793e5ff96b74948b993588e5f48476534b570216ad303951fa3ee1e3"
url = "https://github.com/terraform-linters/tflint/releases/download/v0.50.3/tflint_linux_arm64.zip"

[tools.tflint."platforms.linux-arm64-musl"]
checksum = "sha256:46b04f8f793e5ff96b74948b993588e5f48476534b570216ad303951fa3ee1e3"
url = "https://github.com/terraform-linters/tflint/releases/download/v0.50.3/tflint_linux_arm64.zip"

[tools.tflint."platforms.linux-x64"]
checksum = "sha256:70d66470f161ed48e6da0c58dc61787eced1ebd02397618424b8a55ff67f465f"
url = "https://github.com/terraform-linters/tflint/releases/download/v0.50.3/tflint_linux_amd64.zip"

[tools.tflint."platforms.linux-x64-musl"]
checksum = "sha256:70d66470f161ed48e6da0c58dc61787eced1ebd02397618424b8a55ff67f465f"
url = "https://github.com/terraform-linters/tflint/releases/download/v0.50.3/tflint_linux_amd64.zip"

[tools.tflint."platforms.macos-arm64"]
checksum = "sha256:95291d30a2a360a4762a788ad9823b094b81cc192de85586d575e591b24204bc"
url = "https://github.com/terraform-linters/tflint/releases/download/v0.50.3/tflint_darwin_arm64.zip"

[tools.tflint."platforms.macos-x64"]
checksum = "sha256:7d88c0ef11f627e1a194a0c5aff7f81b366bb9fc94ac7aed9098c0388cb6d537"
url = "https://github.com/terraform-linters/tflint/releases/download/v0.50.3/tflint_darwin_amd64.zip"

[tools.tflint."platforms.windows-x64"]
checksum = "sha256:86f9b9083252dab481e3988039eefcd1b7d32e9050ad764a1c2a5c19d66f4d25"
url = "https://github.com/terraform-linters/tflint/releases/download/v0.50.3/tflint_windows_amd64.zip"
